
Microsoft Visual Studio Solution File, Format Version 12.00
# Visual Studio 15
VisualStudioVersion = 15.0.28307.329
MinimumVisualStudioVersion = 10.0.40219.1
Project("{FAE04EC0-301F-11D3-BF4B-00C04F79EFBC}") = "App6.Android", "App6\App6.Android\App6.Android.csproj", "{B7EAE0D4-A416-449F-8CB9-7660D28B43FA}"
EndProject
Project("{FAE04EC0-301F-11D3-BF4B-00C04F79EFBC}") = "App6.iOS", "App6\App6.iOS\App6.iOS.csproj", "{DA4C9708-FA0D-4A36-8B54-07BE857C5493}"
EndProject
Project("{FAE04EC0-301F-11D3-BF4B-00C04F79EFBC}") = "App6", "App6\App6\App6.csproj", "{C835FDF9-A677-4B6F-A747-8D9068C04862}"
EndProject
Global
	GlobalSection(SolutionConfigurationPlatforms) = preSolution
		Ad-Hoc|Any CPU = Ad-Hoc|Any CPU
		Ad-Hoc|iPhone = Ad-Hoc|iPhone
		Ad-Hoc|iPhoneSimulator = Ad-Hoc|iPhoneSimulator
		AppStore|Any CPU = AppStore|Any CPU
		AppStore|iPhone = AppStore|iPhone
		AppStore|iPhoneSimulator = AppStore|iPhoneSimulator
		Debug|Any CPU = Debug|Any CPU
		Debug|iPhone = Debug|iPhone
		Debug|iPhoneSimulator = Debug|iPhoneSimulator
		Release|Any CPU = Release|Any CPU
		Release|iPhone = Release|iPhone
		Release|iPhoneSimulator = Release|iPhoneSimulator
	EndGlobalSection
	GlobalSection(ProjectConfigurationPlatforms) = postSolution
		{B7EAE0D4-A416-449F-8CB9-7660D28B43FA}.Ad-Hoc|Any CPU.ActiveCfg = Release|Any CPU
		{B7EAE0D4-A416-449F-8CB9-7660D28B43FA}.Ad-Hoc|Any CPU.Build.0 = Release|Any CPU
		{B7EAE0D4-A416-449F-8CB9-7660D28B43FA}.Ad-Hoc|Any CPU.Deploy.0 = Release|Any CPU
		{B7EAE0D4-A416-449F-8CB9-7660D28B43FA}.Ad-Hoc|iPhone.ActiveCfg = Release|Any CPU
		{B7EAE0D4-A416-449F-8CB9-7660D28B43FA}.Ad-Hoc|iPhone.Build.0 = Release|Any CPU
		{B7EAE0D4-A416-449F-8CB9-7660D28B43FA}.Ad-Hoc|iPhone.Deploy.0 = Release|Any CPU
		{B7EAE0D4-A416-449F-8CB9-7660D28B43FA}.Ad-Hoc|iPhoneSimulator.ActiveCfg = Release|Any CPU
		{B7EAE0D4-A416-449F-8CB9-7660D28B43FA}.Ad-Hoc|iPhoneSimulator.Build.0 = Release|Any CPU
		{B7EAE0D4-A416-449F-8CB9-7660D28B43FA}.Ad-Hoc|iPhoneSimulator.Deploy.0 = Release|Any CPU
		{B7EAE0D4-A416-449F-8CB9-7660D28B43FA}.AppStore|Any CPU.ActiveCfg = Release|Any CPU
		{B7EAE0D4-A416-449F-8CB9-7660D28B43FA}.AppStore|Any CPU.Build.0 = Release|Any CPU
		{B7EAE0D4-A416-449F-8CB9-7660D28B43FA}.AppStore|Any CPU.Deploy.0 = Release|Any CPU
		{B7EAE0D4-A416-449F-8CB9-7660D28B43FA}.AppStore|iPhone.ActiveCfg = Release|Any CPU
		{B7EAE0D4-A416-449F-8CB9-7660D28B43FA}.AppStore|iPhone.Build.0 = Release|Any CPU
		{B7EAE0D4-A416-449F-8CB9-7660D28B43FA}.AppStore|iPhone.Deploy.0 = Release|Any CPU
		{B7EAE0D4-A416-449F-8CB9-7660D28B43FA}.AppStore|iPhoneSimulator.ActiveCfg = Release|Any CPU
		{B7EAE0D4-A416-449F-8CB9-7660D28B43FA}.AppStore|iPhoneSimulator.Build.0 = Release|Any CPU
		{B7EAE0D4-A416-449F-8CB9-7660D28B43FA}.AppStore|iPhoneSimulator.Deploy.0 = Release|Any CPU
		{B7EAE0D4-A416-449F-8CB9-7660D28B43FA}.Debug|Any CPU.ActiveCfg = Debug|Any CPU
		{B7EAE0D4-A416-449F-8CB9-7660D28B43FA}.Debug|Any CPU.Build.0 = Debug|Any CPU
		{B7EAE0D4-A416-449F-8CB9-7660D28B43FA}.Debug|Any CPU.Deploy.0 = Debug|Any CPU
		{B7EAE0D4-A416-449F-8CB9-7660D28B43FA}.Debug|iPhone.ActiveCfg = Debug|Any CPU
		{B7EAE0D4-A416-449F-8CB9-7660D28B43FA}.Debug|iPhone.Build.0 = Debug|Any CPU
		{B7EAE0D4-A416-449F-8CB9-7660D28B43FA}.Debug|iPhone.Deploy.0 = Debug|Any CPU
		{B7EAE0D4-A416-449F-8CB9-7660D28B43FA}.Debug|iPhoneSimulator.ActiveCfg = Debug|Any CPU
		{B7EAE0D4-A416-449F-8CB9-7660D28B43FA}.Debug|iPhoneSimulator.Build.0 = Debug|Any CPU
		{B7EAE0D4-A416-449F-8CB9-7660D28B43FA}.Debug|iPhoneSimulator.Deploy.0 = Debug|Any CPU
		{B7EAE0D4-A416-449F-8CB9-7660D28B43FA}.Release|Any CPU.ActiveCfg = Release|Any CPU
		{B7EAE0D4-A416-449F-8CB9-7660D28B43FA}.Release|Any CPU.Build.0 = Release|Any CPU
		{B7EAE0D4-A416-449F-8CB9-7660D28B43FA}.Release|Any CPU.Deploy.0 = Release|Any CPU
		{B7EAE0D4-A416-449F-8CB9-7660D28B43FA}.Release|iPhone.ActiveCfg = Release|Any CPU
		{B7EAE0D4-A416-449F-8CB9-7660D28B43FA}.Release|iPhone.Build.0 = Release|Any CPU
		{B7EAE0D4-A416-449F-8CB9-7660D28B43FA}.Release|iPhone.Deploy.0 = Release|Any CPU
		{B7EAE0D4-A416-449F-8CB9-7660D28B43FA}.Release|iPhoneSimulator.ActiveCfg = Release|Any CPU
		{B7EAE0D4-A416-449F-8CB9-7660D28B43FA}.Release|iPhoneSimulator.Build.0 = Release|Any CPU
		{B7EAE0D4-A416-449F-8CB9-7660D28B43FA}.Release|iPhoneSimulator.Deploy.0 = Release|Any CPU
		{DA4C9708-FA0D-4A36-8B54-07BE857C5493}.Ad-Hoc|Any CPU.ActiveCfg = Ad-Hoc|iPhone
		{DA4C9708-FA0D-4A36-8B54-07BE857C5493}.Ad-Hoc|Any CPU.Build.0 = Ad-Hoc|iPhone
		{DA4C9708-FA0D-4A36-8B54-07BE857C5493}.Ad-Hoc|Any CPU.Deploy.0 = Ad-Hoc|iPhone
		{DA4C9708-FA0D-4A36-8B54-07BE857C5493}.Ad-Hoc|iPhone.ActiveCfg = Ad-Hoc|iPhone
		{DA4C9708-FA0D-4A36-8B54-07BE857C5493}.Ad-Hoc|iPhone.Build.0 = Ad-Hoc|iPhone
		{DA4C9708-FA0D-4A36-8B54-07BE857C5493}.Ad-Hoc|iPhone.Deploy.0 = Ad-Hoc|iPhone
		{DA4C9708-FA0D-4A36-8B54-07BE857C5493}.Ad-Hoc|iPhoneSimulator.ActiveCfg = Ad-Hoc|iPhoneSimulator
		{DA4C9708-FA0D-4A36-8B54-07BE857C5493}.Ad-Hoc|iPhoneSimulator.Build.0 = Ad-Hoc|iPhoneSimulator
		{DA4C9708-FA0D-4A36-8B54-07BE857C5493}.Ad-Hoc|iPhoneSimulator.Deploy.0 = Ad-Hoc|iPhoneSimulator
		{DA4C9708-FA0D-4A36-8B54-07BE857C5493}.AppStore|Any CPU.ActiveCfg = AppStore|iPhone
		{DA4C9708-FA0D-4A36-8B54-07BE857C5493}.AppStore|Any CPU.Build.0 = AppStore|iPhone
		{DA4C9708-FA0D-4A36-8B54-07BE857C5493}.AppStore|Any CPU.Deploy.0 = AppStore|iPhone
		{DA4C9708-FA0D-4A36-8B54-07BE857C5493}.AppStore|iPhone.ActiveCfg = AppStore|iPhone
		{DA4C9708-FA0D-4A36-8B54-07BE857C5493}.AppStore|iPhone.Build.0 = AppStore|iPhone
		{DA4C9708-FA0D-4A36-8B54-07BE857C5493}.AppStore|iPhone.Deploy.0 = AppStore|iPhone
		{DA4C9708-FA0D-4A36-8B54-07BE857C5493}.AppStore|iPhoneSimulator.ActiveCfg = AppStore|iPhoneSimulator
		{DA4C9708-FA0D-4A36-8B54-07BE857C5493}.AppStore|iPhoneSimulator.Build.0 = AppStore|iPhoneSimulator
		{DA4C9708-FA0D-4A36-8B54-07BE857C5493}.AppStore|iPhoneSimulator.Deploy.0 = AppStore|iPhoneSimulator
		{DA4C9708-FA0D-4A36-8B54-07BE857C5493}.Debug|Any CPU.ActiveCfg = Debug|iPhoneSimulator
		{DA4C9708-FA0D-4A36-8B54-07BE857C5493}.Debug|Any CPU.Build.0 = Debug|iPhoneSimulator
		{DA4C9708-FA0D-4A36-8B54-07BE857C5493}.Debug|Any CPU.Deploy.0 = Debug|iPhoneSimulator
		{DA4C9708-FA0D-4A36-8B54-07BE857C5493}.Debug|iPhone.ActiveCfg = Debug|iPhone
		{DA4C9708-FA0D-4A36-8B54-07BE857C5493}.Debug|iPhone.Build.0 = Debug|iPhone
		{DA4C9708-FA0D-4A36-8B54-07BE857C5493}.Debug|iPhone.Deploy.0 = Debug|iPhone
		{DA4C9708-FA0D-4A36-8B54-07BE857C5493}.Debug|iPhoneSimulator.ActiveCfg = Debug|iPhoneSimulator
		{DA4C9708-FA0D-4A36-8B54-07BE857C5493}.Debug|iPhoneSimulator.Build.0 = Debug|iPhoneSimulator
		{DA4C9708-FA0D-4A36-8B54-07BE857C5493}.Debug|iPhoneSimulator.Deploy.0 = Debug|iPhoneSimulator
		{DA4C9708-FA0D-4A36-8B54-07BE857C5493}.Release|Any CPU.ActiveCfg = Release|iPhone
		{DA4C9708-FA0D-4A36-8B54-07BE857C5493}.Release|Any CPU.Build.0 = Release|iPhone
		{DA4C9708-FA0D-4A36-8B54-07BE857C5493}.Release|Any CPU.Deploy.0 = Release|iPhone
		{DA4C9708-FA0D-4A36-8B54-07BE857C5493}.Release|iPhone.ActiveCfg = Release|iPhone
		{DA4C9708-FA0D-4A36-8B54-07BE857C5493}.Release|iPhone.Build.0 = Release|iPhone
		{DA4C9708-FA0D-4A36-8B54-07BE857C5493}.Release|iPhone.Deploy.0 = Release|iPhone
		{DA4C9708-FA0D-4A36-8B54-07BE857C5493}.Release|iPhoneSimulator.ActiveCfg = Release|iPhoneSimulator
		{DA4C9708-FA0D-4A36-8B54-07BE857C5493}.Release|iPhoneSimulator.Build.0 = Release|iPhoneSimulator
		{DA4C9708-FA0D-4A36-8B54-07BE857C5493}.Release|iPhoneSimulator.Deploy.0 = Release|iPhoneSimulator
		{C835FDF9-A677-4B6F-A747-8D9068C04862}.Ad-Hoc|Any CPU.ActiveCfg = Debug|Any CPU
		{C835FDF9-A677-4B6F-A747-8D9068C04862}.Ad-Hoc|Any CPU.Build.0 = Debug|Any CPU
		{C835FDF9-A677-4B6F-A747-8D9068C04862}.Ad-Hoc|Any CPU.Deploy.0 = Debug|Any CPU
		{C835FDF9-A677-4B6F-A747-8D9068C04862}.Ad-Hoc|iPhone.ActiveCfg = Debug|Any CPU
		{C835FDF9-A677-4B6F-A747-8D9068C04862}.Ad-Hoc|iPhone.Build.0 = Debug|Any CPU
		{C835FDF9-A677-4B6F-A747-8D9068C04862}.Ad-Hoc|iPhone.Deploy.0 = Debug|Any CPU
		{C835FDF9-A677-4B6F-A747-8D9068C04862}.Ad-Hoc|iPhoneSimulator.ActiveCfg = Debug|Any CPU
		{C835FDF9-A677-4B6F-A747-8D9068C04862}.Ad-Hoc|iPhoneSimulator.Build.0 = Debug|Any CPU
		{C835FDF9-A677-4B6F-A747-8D9068C04862}.Ad-Hoc|iPhoneSimulator.Deploy.0 = Debug|Any CPU
		{C835FDF9-A677-4B6F-A747-8D9068C04862}.AppStore|Any CPU.ActiveCfg = Debug|Any CPU
		{C835FDF9-A677-4B6F-A747-8D9068C04862}.AppStore|Any CPU.Build.0 = Debug|Any CPU
		{C835FDF9-A677-4B6F-A747-8D9068C04862}.AppStore|Any CPU.Deploy.0 = Debug|Any CPU
		{C835FDF9-A677-4B6F-A747-8D9068C04862}.AppStore|iPhone.ActiveCfg = Debug|Any CPU
		{C835FDF9-A677-4B6F-A747-8D9068C04862}.AppStore|iPhone.Build.0 = Debug|Any CPU
		{C835FDF9-A677-4B6F-A747-8D9068C04862}.AppStore|iPhone.Deploy.0 = Debug|Any CPU
		{C835FDF9-A677-4B6F-A747-8D9068C04862}.AppStore|iPhoneSimulator.ActiveCfg = Debug|Any CPU
		{C835FDF9-A677-4B6F-A747-8D9068C04862}.AppStore|iPhoneSimulator.Build.0 = Debug|Any CPU
		{C835FDF9-A677-4B6F-A747-8D9068C04862}.AppStore|iPhoneSimulator.Deploy.0 = Debug|Any CPU
		{C835FDF9-A677-4B6F-A747-8D9068C04862}.Debug|Any CPU.ActiveCfg = Debug|Any CPU
		{C835FDF9-A677-4B6F-A747-8D9068C04862}.Debug|Any CPU.Build.0 = Debug|Any CPU
		{C835FDF9-A677-4B6F-A747-8D9068C04862}.Debug|Any CPU.Deploy.0 = Debug|Any CPU
		{C835FDF9-A677-4B6F-A747-8D9068C04862}.Debug|iPhone.ActiveCfg = Debug|Any CPU
		{C835FDF9-A677-4B6F-A747-8D9068C04862}.Debug|iPhone.Build.0 = Debug|Any CPU
		{C835FDF9-A677-4B6F-A747-8D9068C04862}.Debug|iPhone.Deploy.0 = Debug|Any CPU
		{C835FDF9-A677-4B6F-A747-8D9068C04862}.Debug|iPhoneSimulator.ActiveCfg = Debug|Any CPU
		{C835FDF9-A677-4B6F-A747-8D9068C04862}.Debug|iPhoneSimulator.Build.0 = Debug|Any CPU
		{C835FDF9-A677-4B6F-A747-8D9068C04862}.Debug|iPhoneSimulator.Deploy.0 = Debug|Any CPU
		{C835FDF9-A677-4B6F-A747-8D9068C04862}.Release|Any CPU.ActiveCfg = Release|Any CPU
		{C835FDF9-A677-4B6F-A747-8D9068C04862}.Release|Any CPU.Build.0 = Release|Any CPU
		{C835FDF9-A677-4B6F-A747-8D9068C04862}.Release|Any CPU.Deploy.0 = Release|Any CPU
		{C835FDF9-A677-4B6F-A747-8D9068C04862}.Release|iPhone.ActiveCfg = Release|Any CPU
		{C835FDF9-A677-4B6F-A747-8D9068C04862}.Release|iPhone.Build.0 = Release|Any CPU
		{C835FDF9-A677-4B6F-A747-8D9068C04862}.Release|iPhone.Deploy.0 = Release|Any CPU
		{C835FDF9-A677-4B6F-A747-8D9068C04862}.Release|iPhoneSimulator.ActiveCfg = Release|Any CPU
		{C835FDF9-A677-4B6F-A747-8D9068C04862}.Release|iPhoneSimulator.Build.0 = Release|Any CPU
		{C835FDF9-A677-4B6F-A747-8D9068C04862}.Release|iPhoneSimulator.Deploy.0 = Release|Any CPU
	EndGlobalSection
	GlobalSection(SolutionProperties) = preSolution
		HideSolutionNode = FALSE
	EndGlobalSection
	GlobalSection(ExtensibilityGlobals) = postSolution
		SolutionGuid = {E30E6FD9-F724-4DAE-BB9A-93EF9BAE0517}
	EndGlobalSection
EndGlobal
